// !$*UTF8*$!
{
	archiveVersion = 1;
	classes = {
	};
	objectVersion = 50;
	objects = {

/* Begin PBXBuildFile section */
		077156FC6175997DFE35EEBA /* Pods_ObserverPatternProject.framework in Frameworks */ = {isa = PBXBuildFile; fileRef = 9055378D09FF901D58535FF5 /* Pods_ObserverPatternProject.framework */; };
		D02791F72313EECE00E92EF4 /* CreatePostViewController.swift in Sources */ = {isa = PBXBuildFile; fileRef = D02791F62313EECE00E92EF4 /* CreatePostViewController.swift */; };
		D02791F92313F48A00E92EF4 /* CreatPostModel.swift in Sources */ = {isa = PBXBuildFile; fileRef = D02791F82313F48A00E92EF4 /* CreatPostModel.swift */; };
		D028668623127DC50035C121 /* UserCell.swift in Sources */ = {isa = PBXBuildFile; fileRef = D028668523127DC50035C121 /* UserCell.swift */; };
		D0286689231287FF0035C121 /* ApiRouter.swift in Sources */ = {isa = PBXBuildFile; fileRef = D0286688231287FF0035C121 /* ApiRouter.swift */; };
		D053B780230D8A7B00F4272C /* Observer.swift in Sources */ = {isa = PBXBuildFile; fileRef = D053B77F230D8A7B00F4272C /* Observer.swift */; };
		D0E8253F230C2DF700B4738E /* AppDelegate.swift in Sources */ = {isa = PBXBuildFile; fileRef = D0E8253E230C2DF700B4738E /* AppDelegate.swift */; };
		D0E82541230C2DF700B4738E /* ViewController.swift in Sources */ = {isa = PBXBuildFile; fileRef = D0E82540230C2DF700B4738E /* ViewController.swift */; };
		D0E82544230C2DF700B4738E /* Main.storyboard in Resources */ = {isa = PBXBuildFile; fileRef = D0E82542230C2DF700B4738E /* Main.storyboard */; };
		D0E82546230C2DF900B4738E /* Assets.xcassets in Resources */ = {isa = PBXBuildFile; fileRef = D0E82545230C2DF900B4738E /* Assets.xcassets */; };
		D0E82549230C2DF900B4738E /* LaunchScreen.storyboard in Resources */ = {isa = PBXBuildFile; fileRef = D0E82547230C2DF900B4738E /* LaunchScreen.storyboard */; };
		D0E82554230C2F9000B4738E /* UserViewModel.swift in Sources */ = {isa = PBXBuildFile; fileRef = D0E82553230C2F9000B4738E /* UserViewModel.swift */; };
		D0E82556230C2FB800B4738E /* UserModel.swift in Sources */ = {isa = PBXBuildFile; fileRef = D0E82555230C2FB800B4738E /* UserModel.swift */; };
		D0E82558230C2FC600B4738E /* Users.swift in Sources */ = {isa = PBXBuildFile; fileRef = D0E82557230C2FC600B4738E /* Users.swift */; };
/* End PBXBuildFile section */

/* Begin PBXFileReference section */
		9055378D09FF901D58535FF5 /* Pods_ObserverPatternProject.framework */ = {isa = PBXFileReference; explicitFileType = wrapper.framework; includeInIndex = 0; path = Pods_ObserverPatternProject.framework; sourceTree = BUILT_PRODUCTS_DIR; };
		BE4E3F8CE12E39A91A59D0EA /* Pods-ObserverPatternProject.debug.xcconfig */ = {isa = PBXFileReference; includeInIndex = 1; lastKnownFileType = text.xcconfig; name = "Pods-ObserverPatternProject.debug.xcconfig"; path = "Target Support Files/Pods-ObserverPatternProject/Pods-ObserverPatternProject.debug.xcconfig"; sourceTree = "<group>"; };
		D02791F62313EECE00E92EF4 /* CreatePostViewController.swift */ = {isa = PBXFileReference; lastKnownFileType = sourcecode.swift; path = CreatePostViewController.swift; sourceTree = "<group>"; };
		D02791F82313F48A00E92EF4 /* CreatPostModel.swift */ = {isa = PBXFileReference; lastKnownFileType = sourcecode.swift; path = CreatPostModel.swift; sourceTree = "<group>"; };
		D028668523127DC50035C121 /* UserCell.swift */ = {isa = PBXFileReference; lastKnownFileType = sourcecode.swift; path = UserCell.swift; sourceTree = "<group>"; };
		D0286688231287FF0035C121 /* ApiRouter.swift */ = {isa = PBXFileReference; lastKnownFileType = sourcecode.swift; path = ApiRouter.swift; sourceTree = "<group>"; };
		D053B77F230D8A7B00F4272C /* Observer.swift */ = {isa = PBXFileReference; lastKnownFileType = sourcecode.swift; path = Observer.swift; sourceTree = "<group>"; };
		D0E8253B230C2DF700B4738E /* ObserverPatternProject.app */ = {isa = PBXFileReference; explicitFileType = wrapper.application; includeInIndex = 0; path = ObserverPatternProject.app; sourceTree = BUILT_PRODUCTS_DIR; };
		D0E8253E230C2DF700B4738E /* AppDelegate.swift */ = {isa = PBXFileReference; lastKnownFileType = sourcecode.swift; path = AppDelegate.swift; sourceTree = "<group>"; };
		D0E82540230C2DF700B4738E /* ViewController.swift */ = {isa = PBXFileReference; lastKnownFileType = sourcecode.swift; path = ViewController.swift; sourceTree = "<group>"; };
		D0E82543230C2DF700B4738E /* Base */ = {isa = PBXFileReference; lastKnownFileType = file.storyboard; name = Base; path = Base.lproj/Main.storyboard; sourceTree = "<group>"; };
		D0E82545230C2DF900B4738E /* Assets.xcassets */ = {isa = PBXFileReference; lastKnownFileType = folder.assetcatalog; path = Assets.xcassets; sourceTree = "<group>"; };
		D0E82548230C2DF900B4738E /* Base */ = {isa = PBXFileReference; lastKnownFileType = file.storyboard; name = Base; path = Base.lproj/LaunchScreen.storyboard; sourceTree = "<group>"; };
		D0E8254A230C2DF900B4738E /* Info.plist */ = {isa = PBXFileReference; lastKnownFileType = text.plist.xml; path = Info.plist; sourceTree = "<group>"; };
		D0E82553230C2F9000B4738E /* UserViewModel.swift */ = {isa = PBXFileReference; lastKnownFileType = sourcecode.swift; path = UserViewModel.swift; sourceTree = "<group>"; };
		D0E82555230C2FB800B4738E /* UserModel.swift */ = {isa = PBXFileReference; lastKnownFileType = sourcecode.swift; path = UserModel.swift; sourceTree = "<group>"; };
		D0E82557230C2FC600B4738E /* Users.swift */ = {isa = PBXFileReference; lastKnownFileType = sourcecode.swift; path = Users.swift; sourceTree = "<group>"; };
		E3051E7A5E77F03C5C142FFE /* Pods-ObserverPatternProject.release.xcconfig */ = {isa = PBXFileReference; includeInIndex = 1; lastKnownFileType = text.xcconfig; name = "Pods-ObserverPatternProject.release.xcconfig"; path = "Target Support Files/Pods-ObserverPatternProject/Pods-ObserverPatternProject.release.xcconfig"; sourceTree = "<group>"; };
/* End PBXFileReference section */

/* Begin PBXFrameworksBuildPhase section */
		D0E82538230C2DF700B4738E /* Frameworks */ = {
			isa = PBXFrameworksBuildPhase;
			buildActionMask = 2147483647;
			files = (
				077156FC6175997DFE35EEBA /* Pods_ObserverPatternProject.framework in Frameworks */,
			);
			runOnlyForDeploymentPostprocessing = 0;
		};
/* End PBXFrameworksBuildPhase section */

/* Begin PBXGroup section */
		3A58E52E81EAD3C0916EE6BB /* Frameworks */ = {
			isa = PBXGroup;
			children = (
				9055378D09FF901D58535FF5 /* Pods_ObserverPatternProject.framework */,
			);
			name = Frameworks;
			sourceTree = "<group>";
		};
		3FBA4E7EC5172558E910CC75 /* Pods */ = {
			isa = PBXGroup;
			children = (
				BE4E3F8CE12E39A91A59D0EA /* Pods-ObserverPatternProject.debug.xcconfig */,
				E3051E7A5E77F03C5C142FFE /* Pods-ObserverPatternProject.release.xcconfig */,
			);
			path = Pods;
			sourceTree = "<group>";
		};
		D02791F22313EE8100E92EF4 /* CreatePost */ = {
			isa = PBXGroup;
			children = (
				D02791F52313EEA300E92EF4 /* Model */,
				D02791F42313EE9C00E92EF4 /* ViewModel */,
				D02791F32313EE9600E92EF4 /* View */,
			);
			path = CreatePost;
			sourceTree = "<group>";
		};
		D02791F32313EE9600E92EF4 /* View */ = {
			isa = PBXGroup;
			children = (
				D02791F62313EECE00E92EF4 /* CreatePostViewController.swift */,
			);
			path = View;
			sourceTree = "<group>";
		};
		D02791F42313EE9C00E92EF4 /* ViewModel */ = {
			isa = PBXGroup;
			children = (
			);
			path = ViewModel;
			sourceTree = "<group>";
		};
		D02791F52313EEA300E92EF4 /* Model */ = {
			isa = PBXGroup;
			children = (
				D02791F82313F48A00E92EF4 /* CreatPostModel.swift */,
			);
			path = Model;
			sourceTree = "<group>";
		};
		D02791FA2313F96D00E92EF4 /* Users List */ = {
			isa = PBXGroup;
			children = (
				D0E82552230C2F7400B4738E /* View */,
				D0E82551230C2F6600B4738E /* ViewModel */,
				D0E82550230C2F5900B4738E /* Model */,
			);
			path = "Users List";
			sourceTree = "<group>";
		};
		D0286687231287D80035C121 /* Network */ = {
			isa = PBXGroup;
			children = (
				D053B77F230D8A7B00F4272C /* Observer.swift */,
				D0286688231287FF0035C121 /* ApiRouter.swift */,
			);
			path = Network;
			sourceTree = "<group>";
		};
		D0E82532230C2DF700B4738E = {
			isa = PBXGroup;
			children = (
				D0E8253D230C2DF700B4738E /* ObserverPatternProject */,
				D0E8253C230C2DF700B4738E /* Products */,
				3FBA4E7EC5172558E910CC75 /* Pods */,
				3A58E52E81EAD3C0916EE6BB /* Frameworks */,
			);
			sourceTree = "<group>";
		};
		D0E8253C230C2DF700B4738E /* Products */ = {
			isa = PBXGroup;
			children = (
				D0E8253B230C2DF700B4738E /* ObserverPatternProject.app */,
			);
			name = Products;
			sourceTree = "<group>";
		};
		D0E8253D230C2DF700B4738E /* ObserverPatternProject */ = {
			isa = PBXGroup;
			children = (
				D02791F22313EE8100E92EF4 /* CreatePost */,
				D0286687231287D80035C121 /* Network */,
				D02791FA2313F96D00E92EF4 /* Users List */,
				D0E8253E230C2DF700B4738E /* AppDelegate.swift */,
				D0E82542230C2DF700B4738E /* Main.storyboard */,
				D0E82545230C2DF900B4738E /* Assets.xcassets */,
				D0E82547230C2DF900B4738E /* LaunchScreen.storyboard */,
				D0E8254A230C2DF900B4738E /* Info.plist */,
			);
			path = ObserverPatternProject;
			sourceTree = "<group>";
		};
		D0E82550230C2F5900B4738E /* Model */ = {
			isa = PBXGroup;
			children = (
				D0E82555230C2FB800B4738E /* UserModel.swift */,
				D0E82557230C2FC600B4738E /* Users.swift */,
			);
			path = Model;
			sourceTree = "<group>";
		};
		D0E82551230C2F6600B4738E /* ViewModel */ = {
			isa = PBXGroup;
			children = (
				D0E82553230C2F9000B4738E /* UserViewModel.swift */,
			);
			path = ViewModel;
			sourceTree = "<group>";
		};
		D0E82552230C2F7400B4738E /* View */ = {
			isa = PBXGroup;
			children = (
				D0E82540230C2DF700B4738E /* ViewController.swift */,
				D028668523127DC50035C121 /* UserCell.swift */,
			);
			path = View;
			sourceTree = "<group>";
		};
/* End PBXGroup section */

/* Begin PBXNativeTarget section */
		D0E8253A230C2DF700B4738E /* ObserverPatternProject */ = {
			isa = PBXNativeTarget;
			buildConfigurationList = D0E8254D230C2DF900B4738E /* Build configuration list for PBXNativeTarget "ObserverPatternProject" */;
			buildPhases = (
				A993A8EBADC60CBF240443A9 /* [CP] Check Pods Manifest.lock */,
				D0E82537230C2DF700B4738E /* Sources */,
				D0E82538230C2DF700B4738E /* Frameworks */,
				D0E82539230C2DF700B4738E /* Resources */,
				E923422D94CCD425A10C46C8 /* [CP] Embed Pods Frameworks */,
			);
			buildRules = (
			);
			dependencies = (
			);
			name = ObserverPatternProject;
			productName = ObserverPatternProject;
			productReference = D0E8253B230C2DF700B4738E /* ObserverPatternProject.app */;
			productType = "com.apple.product-type.application";
		};
/* End PBXNativeTarget section */

/* Begin PBXProject section */
		D0E82533230C2DF700B4738E /* Project object */ = {
			isa = PBXProject;
			attributes = {
				LastSwiftUpdateCheck = 1030;
				LastUpgradeCheck = 1030;
				ORGANIZATIONNAME = "Youxel Maged Mohammed";
				TargetAttributes = {
					D0E8253A230C2DF700B4738E = {
						CreatedOnToolsVersion = 10.3;
					};
				};
			};
			buildConfigurationList = D0E82536230C2DF700B4738E /* Build configuration list for PBXProject "ObserverPatternProject" */;
			compatibilityVersion = "Xcode 9.3";
			developmentRegion = en;
			hasScannedForEncodings = 0;
			knownRegions = (
				en,
				Base,
			);
			mainGroup = D0E82532230C2DF700B4738E;
			productRefGroup = D0E8253C230C2DF700B4738E /* Products */;
			projectDirPath = "";
			projectRoot = "";
			targets = (
				D0E8253A230C2DF700B4738E /* ObserverPatternProject */,
			);
		};
/* End PBXProject section */

/* Begin PBXResourcesBuildPhase section */
		D0E82539230C2DF700B4738E /* Resources */ = {
			isa = PBXResourcesBuildPhase;
			buildActionMask = 2147483647;
			files = (
				D0E82549230C2DF900B4738E /* LaunchScreen.storyboard in Resources */,
				D0E82546230C2DF900B4738E /* Assets.xcassets in Resources */,
				D0E82544230C2DF700B4738E /* Main.storyboard in Resources */,
			);
			runOnlyForDeploymentPostprocessing = 0;
		};
/* End PBXResourcesBuildPhase section */

/* Begin PBXShellScriptBuildPhase section */
		A993A8EBADC60CBF240443A9 /* [CP] Check Pods Manifest.lock */ = {
			isa = PBXShellScriptBuildPhase;
			buildActionMask = 2147483647;
			files = (
			);
			inputFileListPaths = (
			);
			inputPaths = (
				"${PODS_PODFILE_DIR_PATH}/Podfile.lock",
				"${PODS_ROOT}/Manifest.lock",
			);
			name = "[CP] Check Pods Manifest.lock";
			outputFileListPaths = (
			);
			outputPaths = (
				"$(DERIVED_FILE_DIR)/Pods-ObserverPatternProject-checkManifestLockResult.txt",
			);
			runOnlyForDeploymentPostprocessing = 0;
			shellPath = /bin/sh;
			shellScript = "diff \"${PODS_PODFILE_DIR_PATH}/Podfile.lock\" \"${PODS_ROOT}/Manifest.lock\" > /dev/null\nif [ $? != 0 ] ; then\n    # print error to STDERR\n    echo \"error: The sandbox is not in sync with the Podfile.lock. Run 'pod install' or update your CocoaPods installation.\" >&2\n    exit 1\nfi\n# This output is used by Xcode 'outputs' to avoid re-running this script phase.\necho \"SUCCESS\" > \"${SCRIPT_OUTPUT_FILE_0}\"\n";
			showEnvVarsInLog = 0;
		};
		E923422D94CCD425A10C46C8 /* [CP] Embed Pods Frameworks */ = {
			isa = PBXShellScriptBuildPhase;
			buildActionMask = 2147483647;
			files = (
			);
			inputFileListPaths = (
			);
			inputPaths = (
				"${PODS_ROOT}/Target Support Files/Pods-ObserverPatternProject/Pods-ObserverPatternProject-frameworks.sh",
				"${BUILT_PRODUCTS_DIR}/Alamofire/Alamofire.framework",
				"${BUILT_PRODUCTS_DIR}/Kingfisher/Kingfisher.framework",
				"${BUILT_PRODUCTS_DIR}/ObjectMapper/ObjectMapper.framework",
			);
			name = "[CP] Embed Pods Frameworks";
			outputFileListPaths = (
			);
			outputPaths = (
				"${TARGET_BUILD_DIR}/${FRAMEWORKS_FOLDER_PATH}/Alamofire.framework",
				"${TARGET_BUILD_DIR}/${FRAMEWORKS_FOLDER_PATH}/Kingfisher.framework",
				"${TARGET_BUILD_DIR}/${FRAMEWORKS_FOLDER_PATH}/ObjectMapper.framework",
			);
			runOnlyForDeploymentPostprocessing = 0;
			shellPath = /bin/sh;
			shellScript = "\"${PODS_ROOT}/Target Support Files/Pods-ObserverPatternProject/Pods-ObserverPatternProject-frameworks.sh\"\n";
			showEnvVarsInLog = 0;
		};
/* End PBXShellScriptBuildPhase section */

/* Begin PBXSourcesBuildPhase section */
		D0E82537230C2DF700B4738E /* Sources */ = {
			isa = PBXSourcesBuildPhase;
			buildActionMask = 2147483647;
			files = (
				D0E82541230C2DF700B4738E /* ViewController.swift in Sources */,
				D053B780230D8A7B00F4272C /* Observer.swift in Sources */,
				D0E82554230C2F9000B4738E /* UserViewModel.swift in Sources */,
				D02791F92313F48A00E92EF4 /* CreatPostModel.swift in Sources */,
				D0E82558230C2FC600B4738E /* Users.swift in Sources */,
				D0E82556230C2FB800B4738E /* UserModel.swift in Sources */,
				D0286689231287FF0035C121 /* ApiRouter.swift in Sources */,
				D0E8253F230C2DF700B4738E /* AppDelegate.swift in Sources */,
				D02791F72313EECE00E92EF4 /* CreatePostViewController.swift in Sources */,
				D028668623127DC50035C121 /* UserCell.swift in Sources */,
			);
			runOnlyForDeploymentPostprocessing = 0;
		};
/* End PBXSourcesBuildPhase section */

/* Begin PBXVariantGroup section */
		D0E82542230C2DF700B4738E /* Main.storyboard */ = {
			isa = PBXVariantGroup;
			children = (
				D0E82543230C2DF700B4738E /* Base */,
			);
			name = Main.storyboard;
			sourceTree = "<group>";
		};
		D0E82547230C2DF900B4738E /* LaunchScreen.storyboard */ = {
			isa = PBXVariantGroup;
			children = (
				D0E82548230C2DF900B4738E /* Base */,
			);
			name = LaunchScreen.storyboard;
			sourceTree = "<group>";
		};
/* End PBXVariantGroup section */

/* Begin XCBuildConfiguration section */
		D0E8254B230C2DF900B4738E /* Debug */ = {
			isa = XCBuildConfiguration;
			buildSettings = {
				ALWAYS_SEARCH_USER_PATHS = NO;
				CLANG_ANALYZER_NONNULL = YES;
				CLANG_ANALYZER_NUMBER_OBJECT_CONVERSION = YES_AGGRESSIVE;
				CLANG_CXX_LANGUAGE_STANDARD = "gnu++14";
				CLANG_CXX_LIBRARY = "libc++";
				CLANG_ENABLE_MODULES = YES;
				CLANG_ENABLE_OBJC_ARC = YES;
				CLANG_ENABLE_OBJC_WEAK = YES;
				CLANG_WARN_BLOCK_CAPTURE_AUTORELEASING = YES;
				CLANG_WARN_BOOL_CONVERSION = YES;
				CLANG_WARN_COMMA = YES;
				CLANG_WARN_CONSTANT_CONVERSION = YES;
				CLANG_WARN_DEPRECATED_OBJC_IMPLEMENTATIONS = YES;
				CLANG_WARN_DIRECT_OBJC_ISA_USAGE = YES_ERROR;
				CLANG_WARN_DOCUMENTATION_COMMENTS = YES;
				CLANG_WARN_EMPTY_BODY = YES;
				CLANG_WARN_ENUM_CONVERSION = YES;
				CLANG_WARN_INFINITE_RECURSION = YES;
				CLANG_WARN_INT_CONVERSION = YES;
				CLANG_WARN_NON_LITERAL_NULL_CONVERSION = YES;
				CLANG_WARN_OBJC_IMPLICIT_RETAIN_SELF = YES;
				CLANG_WARN_OBJC_LITERAL_CONVERSION = YES;
				CLANG_WARN_OBJC_ROOT_CLASS = YES_ERROR;
				CLANG_WARN_RANGE_LOOP_ANALYSIS = YES;
				CLANG_WARN_STRICT_PROTOTYPES = YES;
				CLANG_WARN_SUSPICIOUS_MOVE = YES;
				CLANG_WARN_UNGUARDED_AVAILABILITY = YES_AGGRESSIVE;
				CLANG_WARN_UNREACHABLE_CODE = YES;
				CLANG_WARN__DUPLICATE_METHOD_MATCH = YES;
				CODE_SIGN_IDENTITY = "iPhone Developer";
				COPY_PHASE_STRIP = NO;
				DEBUG_INFORMATION_FORMAT = dwarf;
				ENABLE_STRICT_OBJC_MSGSEND = YES;
				ENABLE_TESTABILITY = YES;
				GCC_C_LANGUAGE_STANDARD = gnu11;
				GCC_DYNAMIC_NO_PIC = NO;
				GCC_NO_COMMON_BLOCKS = YES;
				GCC_OPTIMIZATION_LEVEL = 0;
				GCC_PREPROCESSOR_DEFINITIONS = (
					"DEBUG=1",
					"$(inherited)",
				);
				GCC_WARN_64_TO_32_BIT_CONVERSION = YES;
				GCC_WARN_ABOUT_RETURN_TYPE = YES_ERROR;
				GCC_WARN_UNDECLARED_SELECTOR = YES;
				GCC_WARN_UNINITIALIZED_AUTOS = YES_AGGRESSIVE;
				GCC_WARN_UNUSED_FUNCTION = YES;
				GCC_WARN_UNUSED_VARIABLE = YES;
				IPHONEOS_DEPLOYMENT_TARGET = 12.4;
				MTL_ENABLE_DEBUG_INFO = INCLUDE_SOURCE;
				MTL_FAST_MATH = YES;
				ONLY_ACTIVE_ARCH = YES;
				SDKROOT = iphoneos;
				SWIFT_ACTIVE_COMPILATION_CONDITIONS = DEBUG;
				SWIFT_OPTIMIZATION_LEVEL = "-Onone";
			};
			name = Debug;
		};
		D0E8254C230C2DF900B4738E /* Release */ = {
			isa = XCBuildConfiguration;
			buildSettings = {
				ALWAYS_SEARCH_USER_PATHS = NO;
				CLANG_ANALYZER_NONNULL = YES;
				CLANG_ANALYZER_NUMBER_OBJECT_CONVERSION = YES_AGGRESSIVE;
				CLANG_CXX_LANGUAGE_STANDARD = "gnu++14";
				CLANG_CXX_LIBRARY = "libc++";
				CLANG_ENABLE_MODULES = YES;
				CLANG_ENABLE_OBJC_ARC = YES;
				CLANG_ENABLE_OBJC_WEAK = YES;
				CLANG_WARN_BLOCK_CAPTURE_AUTORELEASING = YES;
				CLANG_WARN_BOOL_CONVERSION = YES;
				CLANG_WARN_COMMA = YES;
				CLANG_WARN_CONSTANT_CONVERSION = YES;
				CLANG_WARN_DEPRECATED_OBJC_IMPLEMENTATIONS = YES;
				CLANG_WARN_DIRECT_OBJC_ISA_USAGE = YES_ERROR;
				CLANG_WARN_DOCUMENTATION_COMMENTS = YES;
				CLANG_WARN_EMPTY_BODY = YES;
				CLANG_WARN_ENUM_CONVERSION = YES;
				CLANG_WARN_INFINITE_RECURSION = YES;
				CLANG_WARN_INT_CONVERSION = YES;
				CLANG_WARN_NON_LITERAL_NULL_CONVERSION = YES;
				CLANG_WARN_OBJC_IMPLICIT_RETAIN_SELF = YES;
				CLANG_WARN_OBJC_LITERAL_CONVERSION = YES;
				CLANG_WARN_OBJC_ROOT_CLASS = YES_ERROR;
				CLANG_WARN_RANGE_LOOP_ANALYSIS = YES;
				CLANG_WARN_STRICT_PROTOTYPES = YES;
				CLANG_WARN_SUSPICIOUS_MOVE = YES;
				CLANG_WARN_UNGUARDED_AVAILABILITY = YES_AGGRESSIVE;
				CLANG_WARN_UNREACHABLE_CODE = YES;
				CLANG_WARN__DUPLICATE_METHOD_MATCH = YES;
				CODE_SIGN_IDENTITY = "iPhone Developer";
				COPY_PHASE_STRIP = NO;
				DEBUG_INFORMATION_FORMAT = "dwarf-with-dsym";
				ENABLE_NS_ASSERTIONS = NO;
				ENABLE_STRICT_OBJC_MSGSEND = YES;
				GCC_C_LANGUAGE_STANDARD = gnu11;
				GCC_NO_COMMON_BLOCKS = YES;
				GCC_WARN_64_TO_32_BIT_CONVERSION = YES;
				GCC_WARN_ABOUT_RETURN_TYPE = YES_ERROR;
				GCC_WARN_UNDECLARED_SELECTOR = YES;
				GCC_WARN_UNINITIALIZED_AUTOS = YES_AGGRESSIVE;
				GCC_WARN_UNUSED_FUNCTION = YES;
				GCC_WARN_UNUSED_VARIABLE = YES;
				IPHONEOS_DEPLOYMENT_TARGET = 12.4;
				MTL_ENABLE_DEBUG_INFO = NO;
				MTL_FAST_MATH = YES;
				SDKROOT = iphoneos;
				SWIFT_COMPILATION_MODE = wholemodule;
				SWIFT_OPTIMIZATION_LEVEL = "-O";
				VALIDATE_PRODUCT = YES;
			};
			name = Release;
		};
		D0E8254E230C2DF900B4738E /* Debug */ = {
			isa = XCBuildConfiguration;
			baseConfigurationReference = BE4E3F8CE12E39A91A59D0EA /* Pods-ObserverPatternProject.debug.xcconfig */;
			buildSettings = {
				ASSETCATALOG_COMPILER_APPICON_NAME = AppIcon;
				CODE_SIGN_STYLE = Automatic;
				INFOPLIST_FILE = ObserverPatternProject/Info.plist;
				LD_RUNPATH_SEARCH_PATHS = (
					"$(inherited)",
					"@executable_path/Frameworks",
				);
				PRODUCT_BUNDLE_IDENTIFIER = Youxel.ObserverPatternProject;
				PRODUCT_NAME = "$(TARGET_NAME)";
				SWIFT_VERSION = 5.0;
				TARGETED_DEVICE_FAMILY = "1,2";
			};
			name = Debug;
		};
		D0E8254F230C2DF900B4738E /* Release */ = {
			isa = XCBuildConfiguration;
			baseConfigurationReference = E3051E7A5E77F03C5C142FFE /* Pods-ObserverPatternProject.release.xcconfig */;
			buildSettings = {
				ASSETCATALOG_COMPILER_APPICON_NAME = AppIcon;
				CODE_SIGN_STYLE = Automatic;
				INFOPLIST_FILE = ObserverPatternProject/Info.plist;
				LD_RUNPATH_SEARCH_PATHS = (
					"$(inherited)",
					"@executable_path/Frameworks",
				);
				PRODUCT_BUNDLE_IDENTIFIER = Youxel.ObserverPatternProject;
				PRODUCT_NAME = "$(TARGET_NAME)";
				SWIFT_VERSION = 5.0;
				TARGETED_DEVICE_FAMILY = "1,2";
			};
			name = Release;
		};
/* End XCBuildConfiguration section */

/* Begin XCConfigurationList section */
		D0E82536230C2DF700B4738E /* Build configuration list for PBXProject "ObserverPatternProject" */ = {
			isa = XCConfigurationList;
			buildConfigurations = (
				D0E8254B230C2DF900B4738E /* Debug */,
				D0E8254C230C2DF900B4738E /* Release */,
			);
			defaultConfigurationIsVisible = 0;
			defaultConfigurationName = Release;
		};
		D0E8254D230C2DF900B4738E /* Build configuration list for PBXNativeTarget "ObserverPatternProject" */ = {
			isa = XCConfigurationList;
			buildConfigurations = (
				D0E8254E230C2DF900B4738E /* Debug */,
				D0E8254F230C2DF900B4738E /* Release */,
			);
			defaultConfigurationIsVisible = 0;
			defaultConfigurationName = Release;
		};
/* End XCConfigurationList section */
	};
	rootObject = D0E82533230C2DF700B4738E /* Project object */;
}
